
Microsoft Visual Studio Solution File, Format Version 12.00
# Visual Studio Version 16
VisualStudioVersion = 16.0.29409.12
MinimumVisualStudioVersion = 10.0.40219.1
Project("{2150E333-8FDC-42A3-9474-1A3956D46DE8}") = "Client", "Client", "{77D53813-3E22-4EFE-98F1-35D7BE6A3760}"
EndProject
Project("{2150E333-8FDC-42A3-9474-1A3956D46DE8}") = "Server", "Server", "{CC8782AF-6326-440B-B7EF-4508A3DCC799}"
EndProject
Project("{9A19103F-16F7-4668-BE54-9A1E7A4F7556}") = "ServerConsoleApp", "Server\ServerConsoleApp\ServerConsoleApp.csproj", "{B78E55B9-5C96-4838-BFB2-6C60A3914304}"
EndProject
Project("{9A19103F-16F7-4668-BE54-9A1E7A4F7556}") = "ClientConsoleApp", "Client\ClientConsoleApp\ClientConsoleApp.csproj", "{4D2B268E-C519-41F3-9EFE-6FF373A29327}"
EndProject
Project("{2150E333-8FDC-42A3-9474-1A3956D46DE8}") = "Solution Items", "Solution Items", "{07BA1101-87A9-4217-AC7B-227B7059A491}"
EndProject
Project("{2150E333-8FDC-42A3-9474-1A3956D46DE8}") = "Shared", "Shared", "{C083756D-73F3-4A06-BCF5-1DECC063698F}"
EndProject
Project("{9A19103F-16F7-4668-BE54-9A1E7A4F7556}") = "SharedModel", "Shared\SharedModel\SharedModel.csproj", "{35A666A0-72C3-4348-A8D1-A09AD0E85A94}"
EndProject
Project("{9A19103F-16F7-4668-BE54-9A1E7A4F7556}") = "ClientNetwork", "Client\ClientNetwork\ClientNetwork.csproj", "{C6479A47-15EF-46D4-990C-41B6BF7D0284}"
EndProject
Project("{9A19103F-16F7-4668-BE54-9A1E7A4F7556}") = "ClientController", "Client\ClientController\ClientController.csproj", "{E36C3E60-39E9-4CA7-8049-FB2A2495B936}"
EndProject
Project("{9A19103F-16F7-4668-BE54-9A1E7A4F7556}") = "ServerController", "Server\ServerController\ServerController.csproj", "{CF3C3331-F82E-4FFD-B60F-2B7753BA988C}"
EndProject
Project("{9A19103F-16F7-4668-BE54-9A1E7A4F7556}") = "ServerFactory", "Server\ServerFactory\ServerFactory.csproj", "{ADAFC439-6127-4D82-A49F-8D396B582F70}"
EndProject
Project("{9A19103F-16F7-4668-BE54-9A1E7A4F7556}") = "ServerModel", "Server\ServerModel\ServerModel.csproj", "{967B3FC0-E6CD-4A7B-8524-33D600B2F7F9}"
EndProject
Project("{9A19103F-16F7-4668-BE54-9A1E7A4F7556}") = "ServerNetwork", "Server\ServerNetwork\ServerNetwork.csproj", "{F53728AD-80D6-4BAE-9A1E-A5BDD40B450A}"
EndProject
Project("{9A19103F-16F7-4668-BE54-9A1E7A4F7556}") = "ServerDispatchment", "Server\ServerDispatchment\ServerDispatchment.csproj", "{97B89AD9-6B55-4325-A923-95CACE977177}"
EndProject
Project("{FAE04EC0-301F-11D3-BF4B-00C04F79EFBC}") = "SharedAbstractModel", "SharedAbstractModel\SharedAbstractModel.csproj", "{BE7D9188-C895-4C75-AF2E-F8184C156A15}"
EndProject
Global
	GlobalSection(SolutionConfigurationPlatforms) = preSolution
		Debug|Any CPU = Debug|Any CPU
		Release|Any CPU = Release|Any CPU
	EndGlobalSection
	GlobalSection(ProjectConfigurationPlatforms) = postSolution
		{B78E55B9-5C96-4838-BFB2-6C60A3914304}.Debug|Any CPU.ActiveCfg = Debug|Any CPU
		{B78E55B9-5C96-4838-BFB2-6C60A3914304}.Debug|Any CPU.Build.0 = Debug|Any CPU
		{B78E55B9-5C96-4838-BFB2-6C60A3914304}.Release|Any CPU.ActiveCfg = Release|Any CPU
		{B78E55B9-5C96-4838-BFB2-6C60A3914304}.Release|Any CPU.Build.0 = Release|Any CPU
		{4D2B268E-C519-41F3-9EFE-6FF373A29327}.Debug|Any CPU.ActiveCfg = Debug|Any CPU
		{4D2B268E-C519-41F3-9EFE-6FF373A29327}.Debug|Any CPU.Build.0 = Debug|Any CPU
		{4D2B268E-C519-41F3-9EFE-6FF373A29327}.Release|Any CPU.ActiveCfg = Release|Any CPU
		{4D2B268E-C519-41F3-9EFE-6FF373A29327}.Release|Any CPU.Build.0 = Release|Any CPU
		{35A666A0-72C3-4348-A8D1-A09AD0E85A94}.Debug|Any CPU.ActiveCfg = Debug|Any CPU
		{35A666A0-72C3-4348-A8D1-A09AD0E85A94}.Debug|Any CPU.Build.0 = Debug|Any CPU
		{35A666A0-72C3-4348-A8D1-A09AD0E85A94}.Release|Any CPU.ActiveCfg = Release|Any CPU
		{35A666A0-72C3-4348-A8D1-A09AD0E85A94}.Release|Any CPU.Build.0 = Release|Any CPU
		{C6479A47-15EF-46D4-990C-41B6BF7D0284}.Debug|Any CPU.ActiveCfg = Debug|Any CPU
		{C6479A47-15EF-46D4-990C-41B6BF7D0284}.Debug|Any CPU.Build.0 = Debug|Any CPU
		{C6479A47-15EF-46D4-990C-41B6BF7D0284}.Release|Any CPU.ActiveCfg = Release|Any CPU
		{C6479A47-15EF-46D4-990C-41B6BF7D0284}.Release|Any CPU.Build.0 = Release|Any CPU
		{E36C3E60-39E9-4CA7-8049-FB2A2495B936}.Debug|Any CPU.ActiveCfg = Debug|Any CPU
		{E36C3E60-39E9-4CA7-8049-FB2A2495B936}.Debug|Any CPU.Build.0 = Debug|Any CPU
		{E36C3E60-39E9-4CA7-8049-FB2A2495B936}.Release|Any CPU.ActiveCfg = Release|Any CPU
		{E36C3E60-39E9-4CA7-8049-FB2A2495B936}.Release|Any CPU.Build.0 = Release|Any CPU
		{CF3C3331-F82E-4FFD-B60F-2B7753BA988C}.Debug|Any CPU.ActiveCfg = Debug|Any CPU
		{CF3C3331-F82E-4FFD-B60F-2B7753BA988C}.Debug|Any CPU.Build.0 = Debug|Any CPU
		{CF3C3331-F82E-4FFD-B60F-2B7753BA988C}.Release|Any CPU.ActiveCfg = Release|Any CPU
		{CF3C3331-F82E-4FFD-B60F-2B7753BA988C}.Release|Any CPU.Build.0 = Release|Any CPU
		{ADAFC439-6127-4D82-A49F-8D396B582F70}.Debug|Any CPU.ActiveCfg = Debug|Any CPU
		{ADAFC439-6127-4D82-A49F-8D396B582F70}.Debug|Any CPU.Build.0 = Debug|Any CPU
		{ADAFC439-6127-4D82-A49F-8D396B582F70}.Release|Any CPU.ActiveCfg = Release|Any CPU
		{ADAFC439-6127-4D82-A49F-8D396B582F70}.Release|Any CPU.Build.0 = Release|Any CPU
		{967B3FC0-E6CD-4A7B-8524-33D600B2F7F9}.Debug|Any CPU.ActiveCfg = Debug|Any CPU
		{967B3FC0-E6CD-4A7B-8524-33D600B2F7F9}.Debug|Any CPU.Build.0 = Debug|Any CPU
		{967B3FC0-E6CD-4A7B-8524-33D600B2F7F9}.Release|Any CPU.ActiveCfg = Release|Any CPU
		{967B3FC0-E6CD-4A7B-8524-33D600B2F7F9}.Release|Any CPU.Build.0 = Release|Any CPU
		{F53728AD-80D6-4BAE-9A1E-A5BDD40B450A}.Debug|Any CPU.ActiveCfg = Debug|Any CPU
		{F53728AD-80D6-4BAE-9A1E-A5BDD40B450A}.Debug|Any CPU.Build.0 = Debug|Any CPU
		{F53728AD-80D6-4BAE-9A1E-A5BDD40B450A}.Release|Any CPU.ActiveCfg = Release|Any CPU
		{F53728AD-80D6-4BAE-9A1E-A5BDD40B450A}.Release|Any CPU.Build.0 = Release|Any CPU
		{97B89AD9-6B55-4325-A923-95CACE977177}.Debug|Any CPU.ActiveCfg = Debug|Any CPU
		{97B89AD9-6B55-4325-A923-95CACE977177}.Debug|Any CPU.Build.0 = Debug|Any CPU
		{97B89AD9-6B55-4325-A923-95CACE977177}.Release|Any CPU.ActiveCfg = Release|Any CPU
		{97B89AD9-6B55-4325-A923-95CACE977177}.Release|Any CPU.Build.0 = Release|Any CPU
		{BE7D9188-C895-4C75-AF2E-F8184C156A15}.Debug|Any CPU.ActiveCfg = Debug|Any CPU
		{BE7D9188-C895-4C75-AF2E-F8184C156A15}.Debug|Any CPU.Build.0 = Debug|Any CPU
		{BE7D9188-C895-4C75-AF2E-F8184C156A15}.Release|Any CPU.ActiveCfg = Release|Any CPU
		{BE7D9188-C895-4C75-AF2E-F8184C156A15}.Release|Any CPU.Build.0 = Release|Any CPU
	EndGlobalSection
	GlobalSection(SolutionProperties) = preSolution
		HideSolutionNode = FALSE
	EndGlobalSection
	GlobalSection(NestedProjects) = preSolution
		{B78E55B9-5C96-4838-BFB2-6C60A3914304} = {CC8782AF-6326-440B-B7EF-4508A3DCC799}
		{4D2B268E-C519-41F3-9EFE-6FF373A29327} = {77D53813-3E22-4EFE-98F1-35D7BE6A3760}
		{35A666A0-72C3-4348-A8D1-A09AD0E85A94} = {C083756D-73F3-4A06-BCF5-1DECC063698F}
		{C6479A47-15EF-46D4-990C-41B6BF7D0284} = {77D53813-3E22-4EFE-98F1-35D7BE6A3760}
		{E36C3E60-39E9-4CA7-8049-FB2A2495B936} = {77D53813-3E22-4EFE-98F1-35D7BE6A3760}
		{CF3C3331-F82E-4FFD-B60F-2B7753BA988C} = {CC8782AF-6326-440B-B7EF-4508A3DCC799}
		{ADAFC439-6127-4D82-A49F-8D396B582F70} = {CC8782AF-6326-440B-B7EF-4508A3DCC799}
		{967B3FC0-E6CD-4A7B-8524-33D600B2F7F9} = {CC8782AF-6326-440B-B7EF-4508A3DCC799}
		{F53728AD-80D6-4BAE-9A1E-A5BDD40B450A} = {CC8782AF-6326-440B-B7EF-4508A3DCC799}
		{97B89AD9-6B55-4325-A923-95CACE977177} = {CC8782AF-6326-440B-B7EF-4508A3DCC799}
		{BE7D9188-C895-4C75-AF2E-F8184C156A15} = {C083756D-73F3-4A06-BCF5-1DECC063698F}
	EndGlobalSection
	GlobalSection(ExtensibilityGlobals) = postSolution
		SolutionGuid = {D53D8374-0ED3-4B12-8C1F-EAB1E74CB65C}
	EndGlobalSection
EndGlobal
