
Microsoft Visual Studio Solution File, Format Version 12.00
# Visual Studio Version 16
VisualStudioVersion = 16.0.29409.12
MinimumVisualStudioVersion = 10.0.40219.1
Project("{9A19103F-16F7-4668-BE54-9A1E7A4F7556}") = "SharedModel", "DataTypes\SharedModel.csproj", "{1945A5C4-3D50-4E35-BDF5-B8D8C22A60C5}"
EndProject
Project("{2150E333-8FDC-42A3-9474-1A3956D46DE8}") = "Client", "Client", "{77D53813-3E22-4EFE-98F1-35D7BE6A3760}"
EndProject
Project("{2150E333-8FDC-42A3-9474-1A3956D46DE8}") = "Server", "Server", "{CC8782AF-6326-440B-B7EF-4508A3DCC799}"
EndProject
Project("{9A19103F-16F7-4668-BE54-9A1E7A4F7556}") = "ConcreteNetworkClient", "Client\ConcreteNetworkClient\ConcreteNetworkClient.csproj", "{31319516-1DBD-4E03-8380-7EC7249E6546}"
EndProject
Project("{9A19103F-16F7-4668-BE54-9A1E7A4F7556}") = "NetworkClientController", "Client\NetworkClientController\NetworkClientController.csproj", "{E0EF7CCC-2402-4F5C-AD53-AD013B918438}"
EndProject
Project("{9A19103F-16F7-4668-BE54-9A1E7A4F7556}") = "ConcreteNetworkServer", "Server\ConcreteNetworkServer\ConcreteNetworkServer.csproj", "{4E2A4BE9-0355-4D1D-8A40-96D6BA81E78C}"
EndProject
Project("{9A19103F-16F7-4668-BE54-9A1E7A4F7556}") = "NetworkServerController", "Server\NetworkServerController\NetworkServerController.csproj", "{3EB09E9F-E554-45A2-9160-AA187F192C5C}"
EndProject
Project("{9A19103F-16F7-4668-BE54-9A1E7A4F7556}") = "ServerConsoleApp", "Server\ServerConsoleApp\ServerConsoleApp.csproj", "{B78E55B9-5C96-4838-BFB2-6C60A3914304}"
EndProject
Project("{9A19103F-16F7-4668-BE54-9A1E7A4F7556}") = "ClientConsoleApp", "Client\ClientConsoleApp\ClientConsoleApp.csproj", "{4D2B268E-C519-41F3-9EFE-6FF373A29327}"
EndProject
Project("{2150E333-8FDC-42A3-9474-1A3956D46DE8}") = "Solution Items", "Solution Items", "{07BA1101-87A9-4217-AC7B-227B7059A491}"
	ProjectSection(SolutionItems) = preProject
		_solutionItems\clientServer.vsdx = _solutionItems\clientServer.vsdx
	EndProjectSection
EndProject
Project("{9A19103F-16F7-4668-BE54-9A1E7A4F7556}") = "SharedAbstractModel", "AbstractModel\SharedAbstractModel.csproj", "{6F460A56-C355-400A-BC72-ABB0E8B7C36C}"
EndProject
Project("{2150E333-8FDC-42A3-9474-1A3956D46DE8}") = "Shared", "Shared", "{C083756D-73F3-4A06-BCF5-1DECC063698F}"
EndProject
Project("{FAE04EC0-301F-11D3-BF4B-00C04F79EFBC}") = "ServerModel", "ServerModel\ServerModel.csproj", "{6F8F7945-8C15-42BC-B352-D304E8E44C30}"
EndProject
Project("{FAE04EC0-301F-11D3-BF4B-00C04F79EFBC}") = "Dispatchment", "Dispatcher\Dispatchment.csproj", "{9251D51F-8342-4ECC-8F84-576ABAA8BA60}"
EndProject
Global
	GlobalSection(SolutionConfigurationPlatforms) = preSolution
		Debug|Any CPU = Debug|Any CPU
		Release|Any CPU = Release|Any CPU
	EndGlobalSection
	GlobalSection(ProjectConfigurationPlatforms) = postSolution
		{1945A5C4-3D50-4E35-BDF5-B8D8C22A60C5}.Debug|Any CPU.ActiveCfg = Debug|Any CPU
		{1945A5C4-3D50-4E35-BDF5-B8D8C22A60C5}.Debug|Any CPU.Build.0 = Debug|Any CPU
		{1945A5C4-3D50-4E35-BDF5-B8D8C22A60C5}.Release|Any CPU.ActiveCfg = Release|Any CPU
		{1945A5C4-3D50-4E35-BDF5-B8D8C22A60C5}.Release|Any CPU.Build.0 = Release|Any CPU
		{31319516-1DBD-4E03-8380-7EC7249E6546}.Debug|Any CPU.ActiveCfg = Debug|Any CPU
		{31319516-1DBD-4E03-8380-7EC7249E6546}.Debug|Any CPU.Build.0 = Debug|Any CPU
		{31319516-1DBD-4E03-8380-7EC7249E6546}.Release|Any CPU.ActiveCfg = Release|Any CPU
		{31319516-1DBD-4E03-8380-7EC7249E6546}.Release|Any CPU.Build.0 = Release|Any CPU
		{E0EF7CCC-2402-4F5C-AD53-AD013B918438}.Debug|Any CPU.ActiveCfg = Debug|Any CPU
		{E0EF7CCC-2402-4F5C-AD53-AD013B918438}.Debug|Any CPU.Build.0 = Debug|Any CPU
		{E0EF7CCC-2402-4F5C-AD53-AD013B918438}.Release|Any CPU.ActiveCfg = Release|Any CPU
		{E0EF7CCC-2402-4F5C-AD53-AD013B918438}.Release|Any CPU.Build.0 = Release|Any CPU
		{4E2A4BE9-0355-4D1D-8A40-96D6BA81E78C}.Debug|Any CPU.ActiveCfg = Debug|Any CPU
		{4E2A4BE9-0355-4D1D-8A40-96D6BA81E78C}.Debug|Any CPU.Build.0 = Debug|Any CPU
		{4E2A4BE9-0355-4D1D-8A40-96D6BA81E78C}.Release|Any CPU.ActiveCfg = Release|Any CPU
		{4E2A4BE9-0355-4D1D-8A40-96D6BA81E78C}.Release|Any CPU.Build.0 = Release|Any CPU
		{3EB09E9F-E554-45A2-9160-AA187F192C5C}.Debug|Any CPU.ActiveCfg = Debug|Any CPU
		{3EB09E9F-E554-45A2-9160-AA187F192C5C}.Debug|Any CPU.Build.0 = Debug|Any CPU
		{3EB09E9F-E554-45A2-9160-AA187F192C5C}.Release|Any CPU.ActiveCfg = Release|Any CPU
		{3EB09E9F-E554-45A2-9160-AA187F192C5C}.Release|Any CPU.Build.0 = Release|Any CPU
		{B78E55B9-5C96-4838-BFB2-6C60A3914304}.Debug|Any CPU.ActiveCfg = Debug|Any CPU
		{B78E55B9-5C96-4838-BFB2-6C60A3914304}.Debug|Any CPU.Build.0 = Debug|Any CPU
		{B78E55B9-5C96-4838-BFB2-6C60A3914304}.Release|Any CPU.ActiveCfg = Release|Any CPU
		{B78E55B9-5C96-4838-BFB2-6C60A3914304}.Release|Any CPU.Build.0 = Release|Any CPU
		{4D2B268E-C519-41F3-9EFE-6FF373A29327}.Debug|Any CPU.ActiveCfg = Debug|Any CPU
		{4D2B268E-C519-41F3-9EFE-6FF373A29327}.Debug|Any CPU.Build.0 = Debug|Any CPU
		{4D2B268E-C519-41F3-9EFE-6FF373A29327}.Release|Any CPU.ActiveCfg = Release|Any CPU
		{4D2B268E-C519-41F3-9EFE-6FF373A29327}.Release|Any CPU.Build.0 = Release|Any CPU
		{6F460A56-C355-400A-BC72-ABB0E8B7C36C}.Debug|Any CPU.ActiveCfg = Debug|Any CPU
		{6F460A56-C355-400A-BC72-ABB0E8B7C36C}.Debug|Any CPU.Build.0 = Debug|Any CPU
		{6F460A56-C355-400A-BC72-ABB0E8B7C36C}.Release|Any CPU.ActiveCfg = Release|Any CPU
		{6F460A56-C355-400A-BC72-ABB0E8B7C36C}.Release|Any CPU.Build.0 = Release|Any CPU
		{6F8F7945-8C15-42BC-B352-D304E8E44C30}.Debug|Any CPU.ActiveCfg = Debug|Any CPU
		{6F8F7945-8C15-42BC-B352-D304E8E44C30}.Debug|Any CPU.Build.0 = Debug|Any CPU
		{6F8F7945-8C15-42BC-B352-D304E8E44C30}.Release|Any CPU.ActiveCfg = Release|Any CPU
		{6F8F7945-8C15-42BC-B352-D304E8E44C30}.Release|Any CPU.Build.0 = Release|Any CPU
		{9251D51F-8342-4ECC-8F84-576ABAA8BA60}.Debug|Any CPU.ActiveCfg = Debug|Any CPU
		{9251D51F-8342-4ECC-8F84-576ABAA8BA60}.Debug|Any CPU.Build.0 = Debug|Any CPU
		{9251D51F-8342-4ECC-8F84-576ABAA8BA60}.Release|Any CPU.ActiveCfg = Release|Any CPU
		{9251D51F-8342-4ECC-8F84-576ABAA8BA60}.Release|Any CPU.Build.0 = Release|Any CPU
	EndGlobalSection
	GlobalSection(SolutionProperties) = preSolution
		HideSolutionNode = FALSE
	EndGlobalSection
	GlobalSection(NestedProjects) = preSolution
		{1945A5C4-3D50-4E35-BDF5-B8D8C22A60C5} = {C083756D-73F3-4A06-BCF5-1DECC063698F}
		{31319516-1DBD-4E03-8380-7EC7249E6546} = {77D53813-3E22-4EFE-98F1-35D7BE6A3760}
		{E0EF7CCC-2402-4F5C-AD53-AD013B918438} = {77D53813-3E22-4EFE-98F1-35D7BE6A3760}
		{4E2A4BE9-0355-4D1D-8A40-96D6BA81E78C} = {CC8782AF-6326-440B-B7EF-4508A3DCC799}
		{3EB09E9F-E554-45A2-9160-AA187F192C5C} = {CC8782AF-6326-440B-B7EF-4508A3DCC799}
		{B78E55B9-5C96-4838-BFB2-6C60A3914304} = {CC8782AF-6326-440B-B7EF-4508A3DCC799}
		{4D2B268E-C519-41F3-9EFE-6FF373A29327} = {77D53813-3E22-4EFE-98F1-35D7BE6A3760}
		{6F460A56-C355-400A-BC72-ABB0E8B7C36C} = {C083756D-73F3-4A06-BCF5-1DECC063698F}
		{6F8F7945-8C15-42BC-B352-D304E8E44C30} = {CC8782AF-6326-440B-B7EF-4508A3DCC799}
		{9251D51F-8342-4ECC-8F84-576ABAA8BA60} = {CC8782AF-6326-440B-B7EF-4508A3DCC799}
	EndGlobalSection
	GlobalSection(ExtensibilityGlobals) = postSolution
		SolutionGuid = {D53D8374-0ED3-4B12-8C1F-EAB1E74CB65C}
	EndGlobalSection
EndGlobal
